
Microsoft Visual Studio Solution File, Format Version 12.00
# Visual Studio 15
VisualStudioVersion = 15.0.28010.2026
MinimumVisualStudioVersion = 10.0.40219.1
Project("{FAE04EC0-301F-11D3-BF4B-00C04F79EFBC}") = "loopExercise", "loopExercise\loopExercise.csproj", "{F1648A40-3DCC-4788-BF4D-62CE65527299}"
EndProject
Global
	GlobalSection(SolutionConfigurationPlatforms) = preSolution
		Debug|Any CPU = Debug|Any CPU
		Release|Any CPU = Release|Any CPU
	EndGlobalSection
	GlobalSection(ProjectConfigurationPlatforms) = postSolution
		{F1648A40-3DCC-4788-BF4D-62CE65527299}.Debug|Any CPU.ActiveCfg = Debug|Any CPU
		{F1648A40-3DCC-4788-BF4D-62CE65527299}.Debug|Any CPU.Build.0 = Debug|Any CPU
		{F1648A40-3DCC-4788-BF4D-62CE65527299}.Release|Any CPU.ActiveCfg = Release|Any CPU
		{F1648A40-3DCC-4788-BF4D-62CE65527299}.Release|Any CPU.Build.0 = Release|Any CPU
	EndGlobalSection
	GlobalSection(SolutionProperties) = preSolution
		HideSolutionNode = FALSE
	EndGlobalSection
	GlobalSection(ExtensibilityGlobals) = postSolution
		SolutionGuid = {D0E5339A-CF6E-4A7D-AA62-041A7C9629B9}
	EndGlobalSection
EndGlobal
